{
  "nodes": {
    "nixpkgs": {
      "locked": {
        "lastModified": 1702157165,
        "narHash": "sha256-cUQ1COr2+/74vyEdU2DIIs9+VkfReMtJwimc2/rZNDI=",
        "owner": "nixos",
        "repo": "nixpkgs",
        "rev": "82cdeab2aa574c255c8d8c96d796453e02c8af60",
        "type": "github"
      },
      "original": {
        "owner": "nixos",
        "repo": "nixpkgs",
        "type": "github"
      }
    },
    "root": {
      "inputs": {
        "nixpkgs": "nixpkgs"
      }
    }
  },
  "root": "root",
  "version": 7
}
