{
  "nodes": {
    "nixpkgs": {
      "locked": {
        "lastModified": 1725476236,
        "narHash": "sha256-jhtkFFP0v0z0m8oznMJ5szoPA72CGaeJYSv7/uaGpS4=",
        "owner": "nixos",
        "repo": "nixpkgs",
        "rev": "e9f994aaff25e101d165245dcda1965d7871ff73",
        "type": "github"
      },
      "original": {
        "owner": "nixos",
        "repo": "nixpkgs",
        "type": "github"
      }
    },
    "root": {
      "inputs": {
        "nixpkgs": "nixpkgs"
      }
    }
  },
  "root": "root",
  "version": 7
}
